# This file is automatically @generated by Cargo.
# It is not intended for manual editing.
version = 4

[[package]]
name = "day081"
version = "0.1.0"
dependencies = [
 "indoc",
 "partial_sort",
]

[[package]]
name = "indoc"
version = "2.0.7"
source = "registry+https://github.com/rust-lang/crates.io-index"
checksum = "79cf5c93f93228cf8efb3ba362535fb11199ac548a09ce117c9b1adc3030d706"
dependencies = [
 "rustversion",
]

[[package]]
name = "partial_sort"
version = "1.0.0"
source = "registry+https://github.com/rust-lang/crates.io-index"
checksum = "911e0f25a1142e16a3ad3e16b15508823fe46a4f503c59bb4bcf61d5c467a06a"

[[package]]
name = "rustversion"
version = "1.0.22"
source = "registry+https://github.com/rust-lang/crates.io-index"
checksum = "b39cdef0fa800fc44525c84ccb54a029961a8215f9619753635a9c0d2538d46d"
